
Microsoft Visual Studio Solution File, Format Version 12.00
# Visual Studio Express 2012 for Windows Desktop
Project("{FAE04EC0-301F-11D3-BF4B-00C04F79EFBC}") = "National Geographic Converter", "National Geographic Converter\National Geographic Converter.csproj", "{0ABC8203-C372-4F25-B8A0-CD0F2D069467}"
EndProject
Project("{FAE04EC0-301F-11D3-BF4B-00C04F79EFBC}") = "Website Generator", "Website Generator\Website Generator.csproj", "{95D597A3-5E98-4968-95F5-9DC9D3B88DF3}"
EndProject
Project("{FAE04EC0-301F-11D3-BF4B-00C04F79EFBC}") = "DataModel", "DataModel\DataModel.csproj", "{03FAB948-C745-4AB9-960C-3AF0FF2F91B9}"
EndProject
Project("{FAE04EC0-301F-11D3-BF4B-00C04F79EFBC}") = "Tests", "Tests\Tests.csproj", "{68C31984-84C1-421A-8E4A-FF366198A469}"
EndProject
Global
	GlobalSection(SolutionConfigurationPlatforms) = preSolution
		Debug|Any CPU = Debug|Any CPU
		Release|Any CPU = Release|Any CPU
	EndGlobalSection
	GlobalSection(ProjectConfigurationPlatforms) = postSolution
		{0ABC8203-C372-4F25-B8A0-CD0F2D069467}.Debug|Any CPU.ActiveCfg = Debug|Any CPU
		{0ABC8203-C372-4F25-B8A0-CD0F2D069467}.Debug|Any CPU.Build.0 = Debug|Any CPU
		{0ABC8203-C372-4F25-B8A0-CD0F2D069467}.Release|Any CPU.ActiveCfg = Release|Any CPU
		{0ABC8203-C372-4F25-B8A0-CD0F2D069467}.Release|Any CPU.Build.0 = Release|Any CPU
		{95D597A3-5E98-4968-95F5-9DC9D3B88DF3}.Debug|Any CPU.ActiveCfg = Debug|Any CPU
		{95D597A3-5E98-4968-95F5-9DC9D3B88DF3}.Debug|Any CPU.Build.0 = Debug|Any CPU
		{95D597A3-5E98-4968-95F5-9DC9D3B88DF3}.Release|Any CPU.ActiveCfg = Release|Any CPU
		{95D597A3-5E98-4968-95F5-9DC9D3B88DF3}.Release|Any CPU.Build.0 = Release|Any CPU
		{03FAB948-C745-4AB9-960C-3AF0FF2F91B9}.Debug|Any CPU.ActiveCfg = Debug|Any CPU
		{03FAB948-C745-4AB9-960C-3AF0FF2F91B9}.Debug|Any CPU.Build.0 = Debug|Any CPU
		{03FAB948-C745-4AB9-960C-3AF0FF2F91B9}.Release|Any CPU.ActiveCfg = Release|Any CPU
		{03FAB948-C745-4AB9-960C-3AF0FF2F91B9}.Release|Any CPU.Build.0 = Release|Any CPU
		{68C31984-84C1-421A-8E4A-FF366198A469}.Debug|Any CPU.ActiveCfg = Debug|Any CPU
		{68C31984-84C1-421A-8E4A-FF366198A469}.Debug|Any CPU.Build.0 = Debug|Any CPU
		{68C31984-84C1-421A-8E4A-FF366198A469}.Release|Any CPU.ActiveCfg = Release|Any CPU
		{68C31984-84C1-421A-8E4A-FF366198A469}.Release|Any CPU.Build.0 = Release|Any CPU
	EndGlobalSection
	GlobalSection(SolutionProperties) = preSolution
		HideSolutionNode = FALSE
	EndGlobalSection
EndGlobal
